
Microsoft Visual Studio Solution File, Format Version 12.00
# Visual Studio Version 17
VisualStudioVersion = 17.0.31912.275
MinimumVisualStudioVersion = 10.0.40219.1
Project("{FAE04EC0-301F-11D3-BF4B-00C04F79EFBC}") = "Demo3", "Demo3\Demo3.csproj", "{CF8B079D-E815-4249-8C57-08D8A115D801}"
EndProject
Global
	GlobalSection(SolutionConfigurationPlatforms) = preSolution
		Debug|Any CPU = Debug|Any CPU
		Release|Any CPU = Release|Any CPU
	EndGlobalSection
	GlobalSection(ProjectConfigurationPlatforms) = postSolution
		{CF8B079D-E815-4249-8C57-08D8A115D801}.Debug|Any CPU.ActiveCfg = Debug|Any CPU
		{CF8B079D-E815-4249-8C57-08D8A115D801}.Debug|Any CPU.Build.0 = Debug|Any CPU
		{CF8B079D-E815-4249-8C57-08D8A115D801}.Release|Any CPU.ActiveCfg = Release|Any CPU
		{CF8B079D-E815-4249-8C57-08D8A115D801}.Release|Any CPU.Build.0 = Release|Any CPU
	EndGlobalSection
	GlobalSection(SolutionProperties) = preSolution
		HideSolutionNode = FALSE
	EndGlobalSection
	GlobalSection(ExtensibilityGlobals) = postSolution
		SolutionGuid = {C56E62EE-12F0-4E22-A8EE-4BD26D871E7A}
	EndGlobalSection
EndGlobal
